// !$*UTF8*$!
{
	archiveVersion = 1;
	classes = {
	};
	objectVersion = 50;
	objects = {

/* Begin PBXBuildFile section */
		D4ED4B9925A88A9E00F90A7A /* main.cpp in Sources */ = {isa = PBXBuildFile; fileRef = D4ED4B9825A88A9E00F90A7A /* main.cpp */; };
		D4ED4BAC25A8B14C00F90A7A /* EDSDK.framework in Frameworks */ = {isa = PBXBuildFile; fileRef = D4ED4BA525A88CBF00F90A7A /* EDSDK.framework */; };
		D4ED4BBB25A8BF3200F90A7A /* camera_interface.hpp in Headers */ = {isa = PBXBuildFile; fileRef = D4ED4BBA25A8BF3200F90A7A /* camera_interface.hpp */; };
		D4ED4BBD25A8BF3200F90A7A /* camera_interface_impl.hpp in Headers */ = {isa = PBXBuildFile; fileRef = D4ED4BBC25A8BF3200F90A7A /* camera_interface_impl.hpp */; };
		D4ED4BBF25A8BF3200F90A7A /* camera_interface.cpp in Sources */ = {isa = PBXBuildFile; fileRef = D4ED4BBE25A8BF3200F90A7A /* camera_interface.cpp */; };
		D4ED4BC925A8CF1E00F90A7A /* libcamera_interface.dylib in Frameworks */ = {isa = PBXBuildFile; fileRef = D4ED4BB825A8BF3200F90A7A /* libcamera_interface.dylib */; };
		D4ED4BCA25A8CF1E00F90A7A /* libcamera_interface.dylib in CopyFiles */ = {isa = PBXBuildFile; fileRef = D4ED4BB825A8BF3200F90A7A /* libcamera_interface.dylib */; settings = {ATTRIBUTES = (CodeSignOnCopy, ); }; };
		D4ED4BD825A9DF3600F90A7A /* camera_ref_impl.cpp in Sources */ = {isa = PBXBuildFile; fileRef = D4ED4BD725A9DF3600F90A7A /* camera_ref_impl.cpp */; };
		D4ED4BDB25A9E01300F90A7A /* camera_list_impl.cpp in Sources */ = {isa = PBXBuildFile; fileRef = D4ED4BDA25A9E01300F90A7A /* camera_list_impl.cpp */; };
		D4ED4BDE25A9E2B700F90A7A /* camera_info_impl.cpp in Sources */ = {isa = PBXBuildFile; fileRef = D4ED4BDD25A9E2B700F90A7A /* camera_info_impl.cpp */; };
		D4ED4BE325A9E79C00F90A7A /* connection_info_impl.cpp in Sources */ = {isa = PBXBuildFile; fileRef = D4ED4BE125A9E79C00F90A7A /* connection_info_impl.cpp */; };
		D4ED4BE425A9E79C00F90A7A /* connection_info_impl.hpp in Headers */ = {isa = PBXBuildFile; fileRef = D4ED4BE225A9E79C00F90A7A /* connection_info_impl.hpp */; };
		D4ED4BEA25A9FE7800F90A7A /* EDSDK.framework in Frameworks */ = {isa = PBXBuildFile; fileRef = D4ED4BA525A88CBF00F90A7A /* EDSDK.framework */; };
		D4ED4BEB25A9FE7800F90A7A /* EDSDK.framework in Embed Frameworks */ = {isa = PBXBuildFile; fileRef = D4ED4BA525A88CBF00F90A7A /* EDSDK.framework */; settings = {ATTRIBUTES = (RemoveHeadersOnCopy, ); }; };
/* End PBXBuildFile section */

/* Begin PBXContainerItemProxy section */
		D4ED4BCB25A8CF1E00F90A7A /* PBXContainerItemProxy */ = {
			isa = PBXContainerItemProxy;
			containerPortal = D4ED4B8D25A88A9E00F90A7A /* Project object */;
			proxyType = 1;
			remoteGlobalIDString = D4ED4BB725A8BF3200F90A7A;
			remoteInfo = camera_interface;
		};
/* End PBXContainerItemProxy section */

/* Begin PBXCopyFilesBuildPhase section */
		D4ED4BB225A8B1B500F90A7A /* CopyFiles */ = {
			isa = PBXCopyFilesBuildPhase;
			buildActionMask = 2147483647;
			dstPath = "";
			dstSubfolderSpec = 10;
			files = (
				D4ED4BCA25A8CF1E00F90A7A /* libcamera_interface.dylib in CopyFiles */,
			);
			runOnlyForDeploymentPostprocessing = 0;
		};
		D4ED4BEC25A9FE7800F90A7A /* Embed Frameworks */ = {
			isa = PBXCopyFilesBuildPhase;
			buildActionMask = 2147483647;
			dstPath = "";
			dstSubfolderSpec = 10;
			files = (
				D4ED4BEB25A9FE7800F90A7A /* EDSDK.framework in Embed Frameworks */,
			);
			name = "Embed Frameworks";
			runOnlyForDeploymentPostprocessing = 0;
		};
/* End PBXCopyFilesBuildPhase section */

/* Begin PBXFileReference section */
		D4ED4B9525A88A9E00F90A7A /* List Cameras */ = {isa = PBXFileReference; explicitFileType = "compiled.mach-o.executable"; includeInIndex = 0; path = "List Cameras"; sourceTree = BUILT_PRODUCTS_DIR; };
		D4ED4B9825A88A9E00F90A7A /* main.cpp */ = {isa = PBXFileReference; lastKnownFileType = sourcecode.cpp.cpp; path = main.cpp; sourceTree = "<group>"; };
		D4ED4BA525A88CBF00F90A7A /* EDSDK.framework */ = {isa = PBXFileReference; lastKnownFileType = wrapper.framework; name = EDSDK.framework; path = ../../EDSDKv131300M/Machintosh/EDSDK/Framework/EDSDK.framework; sourceTree = "<group>"; };
		D4ED4BAA25A8964100F90A7A /* LICENSE */ = {isa = PBXFileReference; lastKnownFileType = text; path = LICENSE; sourceTree = SOURCE_ROOT; };
		D4ED4BB025A8B1A600F90A7A /* List Cameras.entitlements */ = {isa = PBXFileReference; lastKnownFileType = text.plist.entitlements; path = "List Cameras.entitlements"; sourceTree = "<group>"; };
		D4ED4BB825A8BF3200F90A7A /* libcamera_interface.dylib */ = {isa = PBXFileReference; explicitFileType = "compiled.mach-o.dylib"; includeInIndex = 0; path = libcamera_interface.dylib; sourceTree = BUILT_PRODUCTS_DIR; };
		D4ED4BBA25A8BF3200F90A7A /* camera_interface.hpp */ = {isa = PBXFileReference; lastKnownFileType = sourcecode.cpp.h; path = camera_interface.hpp; sourceTree = "<group>"; };
		D4ED4BBC25A8BF3200F90A7A /* camera_interface_impl.hpp */ = {isa = PBXFileReference; lastKnownFileType = sourcecode.cpp.h; path = camera_interface_impl.hpp; sourceTree = "<group>"; };
		D4ED4BBE25A8BF3200F90A7A /* camera_interface.cpp */ = {isa = PBXFileReference; lastKnownFileType = sourcecode.cpp.cpp; path = camera_interface.cpp; sourceTree = "<group>"; };
		D4ED4BD725A9DF3600F90A7A /* camera_ref_impl.cpp */ = {isa = PBXFileReference; lastKnownFileType = sourcecode.cpp.cpp; path = camera_ref_impl.cpp; sourceTree = "<group>"; };
		D4ED4BDA25A9E01300F90A7A /* camera_list_impl.cpp */ = {isa = PBXFileReference; lastKnownFileType = sourcecode.cpp.cpp; path = camera_list_impl.cpp; sourceTree = "<group>"; };
		D4ED4BDD25A9E2B700F90A7A /* camera_info_impl.cpp */ = {isa = PBXFileReference; lastKnownFileType = sourcecode.cpp.cpp; path = camera_info_impl.cpp; sourceTree = "<group>"; };
		D4ED4BE125A9E79C00F90A7A /* connection_info_impl.cpp */ = {isa = PBXFileReference; lastKnownFileType = sourcecode.cpp.cpp; path = connection_info_impl.cpp; sourceTree = "<group>"; };
		D4ED4BE225A9E79C00F90A7A /* connection_info_impl.hpp */ = {isa = PBXFileReference; lastKnownFileType = sourcecode.cpp.h; path = connection_info_impl.hpp; sourceTree = "<group>"; };
/* End PBXFileReference section */

/* Begin PBXFrameworksBuildPhase section */
		D4ED4B9225A88A9E00F90A7A /* Frameworks */ = {
			isa = PBXFrameworksBuildPhase;
			buildActionMask = 2147483647;
			files = (
				D4ED4BAC25A8B14C00F90A7A /* EDSDK.framework in Frameworks */,
				D4ED4BC925A8CF1E00F90A7A /* libcamera_interface.dylib in Frameworks */,
			);
			runOnlyForDeploymentPostprocessing = 0;
		};
		D4ED4BB625A8BF3200F90A7A /* Frameworks */ = {
			isa = PBXFrameworksBuildPhase;
			buildActionMask = 2147483647;
			files = (
				D4ED4BEA25A9FE7800F90A7A /* EDSDK.framework in Frameworks */,
			);
			runOnlyForDeploymentPostprocessing = 0;
		};
/* End PBXFrameworksBuildPhase section */

/* Begin PBXGroup section */
		D4ED4B8C25A88A9E00F90A7A = {
			isa = PBXGroup;
			children = (
				D4ED4B9725A88A9E00F90A7A /* List Cameras */,
				D4ED4BB925A8BF3200F90A7A /* camera_interface */,
				D4ED4B9625A88A9E00F90A7A /* Products */,
				D4ED4BA025A88AE500F90A7A /* Frameworks */,
			);
			sourceTree = "<group>";
		};
		D4ED4B9625A88A9E00F90A7A /* Products */ = {
			isa = PBXGroup;
			children = (
				D4ED4B9525A88A9E00F90A7A /* List Cameras */,
				D4ED4BB825A8BF3200F90A7A /* libcamera_interface.dylib */,
			);
			name = Products;
			sourceTree = "<group>";
		};
		D4ED4B9725A88A9E00F90A7A /* List Cameras */ = {
			isa = PBXGroup;
			children = (
				D4ED4BB025A8B1A600F90A7A /* List Cameras.entitlements */,
				D4ED4BAA25A8964100F90A7A /* LICENSE */,
				D4ED4B9825A88A9E00F90A7A /* main.cpp */,
			);
			path = "List Cameras";
			sourceTree = "<group>";
		};
		D4ED4BA025A88AE500F90A7A /* Frameworks */ = {
			isa = PBXGroup;
			children = (
				D4ED4BA525A88CBF00F90A7A /* EDSDK.framework */,
			);
			name = Frameworks;
			sourceTree = "<group>";
		};
		D4ED4BB925A8BF3200F90A7A /* camera_interface */ = {
			isa = PBXGroup;
			children = (
				D4ED4BBA25A8BF3200F90A7A /* camera_interface.hpp */,
				D4ED4BBC25A8BF3200F90A7A /* camera_interface_impl.hpp */,
				D4ED4BBE25A8BF3200F90A7A /* camera_interface.cpp */,
				D4ED4BD725A9DF3600F90A7A /* camera_ref_impl.cpp */,
				D4ED4BDA25A9E01300F90A7A /* camera_list_impl.cpp */,
				D4ED4BDD25A9E2B700F90A7A /* camera_info_impl.cpp */,
				D4ED4BE125A9E79C00F90A7A /* connection_info_impl.cpp */,
				D4ED4BE225A9E79C00F90A7A /* connection_info_impl.hpp */,
			);
			path = camera_interface;
			sourceTree = "<group>";
		};
/* End PBXGroup section */

/* Begin PBXHeadersBuildPhase section */
		D4ED4BB425A8BF3200F90A7A /* Headers */ = {
			isa = PBXHeadersBuildPhase;
			buildActionMask = 2147483647;
			files = (
				D4ED4BE425A9E79C00F90A7A /* connection_info_impl.hpp in Headers */,
				D4ED4BBD25A8BF3200F90A7A /* camera_interface_impl.hpp in Headers */,
				D4ED4BBB25A8BF3200F90A7A /* camera_interface.hpp in Headers */,
			);
			runOnlyForDeploymentPostprocessing = 0;
		};
/* End PBXHeadersBuildPhase section */

/* Begin PBXNativeTarget section */
		D4ED4B9425A88A9E00F90A7A /* List Cameras */ = {
			isa = PBXNativeTarget;
			buildConfigurationList = D4ED4B9C25A88A9E00F90A7A /* Build configuration list for PBXNativeTarget "List Cameras" */;
			buildPhases = (
				D4ED4B9125A88A9E00F90A7A /* Sources */,
				D4ED4B9225A88A9E00F90A7A /* Frameworks */,
				D4ED4BB225A8B1B500F90A7A /* CopyFiles */,
			);
			buildRules = (
			);
			dependencies = (
				D4ED4BCC25A8CF1E00F90A7A /* PBXTargetDependency */,
			);
			name = "List Cameras";
			productName = "List Cameras";
			productReference = D4ED4B9525A88A9E00F90A7A /* List Cameras */;
			productType = "com.apple.product-type.tool";
		};
		D4ED4BB725A8BF3200F90A7A /* camera_interface */ = {
			isa = PBXNativeTarget;
			buildConfigurationList = D4ED4BC025A8BF3200F90A7A /* Build configuration list for PBXNativeTarget "camera_interface" */;
			buildPhases = (
				D4ED4BB425A8BF3200F90A7A /* Headers */,
				D4ED4BB525A8BF3200F90A7A /* Sources */,
				D4ED4BB625A8BF3200F90A7A /* Frameworks */,
				D4ED4BEC25A9FE7800F90A7A /* Embed Frameworks */,
			);
			buildRules = (
			);
			dependencies = (
			);
			name = camera_interface;
			productName = camera_interface;
			productReference = D4ED4BB825A8BF3200F90A7A /* libcamera_interface.dylib */;
			productType = "com.apple.product-type.library.dynamic";
		};
/* End PBXNativeTarget section */

/* Begin PBXProject section */
		D4ED4B8D25A88A9E00F90A7A /* Project object */ = {
			isa = PBXProject;
			attributes = {
				LastUpgradeCheck = 1230;
				TargetAttributes = {
					D4ED4B9425A88A9E00F90A7A = {
						CreatedOnToolsVersion = 12.3;
					};
					D4ED4BB725A8BF3200F90A7A = {
						CreatedOnToolsVersion = 12.3;
					};
				};
			};
			buildConfigurationList = D4ED4B9025A88A9E00F90A7A /* Build configuration list for PBXProject "List Cameras" */;
			compatibilityVersion = "Xcode 9.3";
			developmentRegion = en;
			hasScannedForEncodings = 0;
			knownRegions = (
				en,
				Base,
			);
			mainGroup = D4ED4B8C25A88A9E00F90A7A;
			productRefGroup = D4ED4B9625A88A9E00F90A7A /* Products */;
			projectDirPath = "";
			projectRoot = "";
			targets = (
				D4ED4B9425A88A9E00F90A7A /* List Cameras */,
				D4ED4BB725A8BF3200F90A7A /* camera_interface */,
			);
		};
/* End PBXProject section */

/* Begin PBXSourcesBuildPhase section */
		D4ED4B9125A88A9E00F90A7A /* Sources */ = {
			isa = PBXSourcesBuildPhase;
			buildActionMask = 2147483647;
			files = (
				D4ED4B9925A88A9E00F90A7A /* main.cpp in Sources */,
			);
			runOnlyForDeploymentPostprocessing = 0;
		};
		D4ED4BB525A8BF3200F90A7A /* Sources */ = {
			isa = PBXSourcesBuildPhase;
			buildActionMask = 2147483647;
			files = (
				D4ED4BDB25A9E01300F90A7A /* camera_list_impl.cpp in Sources */,
				D4ED4BE325A9E79C00F90A7A /* connection_info_impl.cpp in Sources */,
				D4ED4BD825A9DF3600F90A7A /* camera_ref_impl.cpp in Sources */,
				D4ED4BDE25A9E2B700F90A7A /* camera_info_impl.cpp in Sources */,
				D4ED4BBF25A8BF3200F90A7A /* camera_interface.cpp in Sources */,
			);
			runOnlyForDeploymentPostprocessing = 0;
		};
/* End PBXSourcesBuildPhase section */

/* Begin PBXTargetDependency section */
		D4ED4BCC25A8CF1E00F90A7A /* PBXTargetDependency */ = {
			isa = PBXTargetDependency;
			target = D4ED4BB725A8BF3200F90A7A /* camera_interface */;
			targetProxy = D4ED4BCB25A8CF1E00F90A7A /* PBXContainerItemProxy */;
		};
/* End PBXTargetDependency section */

/* Begin XCBuildConfiguration section */
		D4ED4B9A25A88A9E00F90A7A /* Debug */ = {
			isa = XCBuildConfiguration;
			buildSettings = {
				ALWAYS_SEARCH_USER_PATHS = NO;
				ARCHS = x86_64;
				CLANG_ANALYZER_NONNULL = YES;
				CLANG_ANALYZER_NUMBER_OBJECT_CONVERSION = YES_AGGRESSIVE;
				CLANG_CXX_LANGUAGE_STANDARD = "c++17";
				CLANG_CXX_LIBRARY = "libc++";
				CLANG_ENABLE_MODULES = YES;
				CLANG_ENABLE_OBJC_ARC = YES;
				CLANG_ENABLE_OBJC_WEAK = YES;
				CLANG_WARN_BLOCK_CAPTURE_AUTORELEASING = YES;
				CLANG_WARN_BOOL_CONVERSION = YES;
				CLANG_WARN_COMMA = YES;
				CLANG_WARN_CONSTANT_CONVERSION = YES;
				CLANG_WARN_DEPRECATED_OBJC_IMPLEMENTATIONS = YES;
				CLANG_WARN_DIRECT_OBJC_ISA_USAGE = YES_ERROR;
				CLANG_WARN_DOCUMENTATION_COMMENTS = YES;
				CLANG_WARN_EMPTY_BODY = YES;
				CLANG_WARN_ENUM_CONVERSION = YES;
				CLANG_WARN_INFINITE_RECURSION = YES;
				CLANG_WARN_INT_CONVERSION = YES;
				CLANG_WARN_NON_LITERAL_NULL_CONVERSION = YES;
				CLANG_WARN_OBJC_IMPLICIT_RETAIN_SELF = YES;
				CLANG_WARN_OBJC_LITERAL_CONVERSION = YES;
				CLANG_WARN_OBJC_ROOT_CLASS = YES_ERROR;
				CLANG_WARN_QUOTED_INCLUDE_IN_FRAMEWORK_HEADER = YES;
				CLANG_WARN_RANGE_LOOP_ANALYSIS = YES;
				CLANG_WARN_STRICT_PROTOTYPES = YES;
				CLANG_WARN_SUSPICIOUS_MOVE = YES;
				CLANG_WARN_UNGUARDED_AVAILABILITY = YES_AGGRESSIVE;
				CLANG_WARN_UNREACHABLE_CODE = YES;
				CLANG_WARN__DUPLICATE_METHOD_MATCH = YES;
				COPY_PHASE_STRIP = NO;
				DEBUG_INFORMATION_FORMAT = dwarf;
				DEVELOPMENT_TEAM = 2Q822V5HRV;
				ENABLE_STRICT_OBJC_MSGSEND = YES;
				ENABLE_TESTABILITY = YES;
				FRAMEWORK_SEARCH_PATHS = ../../EDSDKv131300M/Machintosh/EDSDK/Framework/;
				GCC_C_LANGUAGE_STANDARD = gnu11;
				GCC_DYNAMIC_NO_PIC = NO;
				GCC_NO_COMMON_BLOCKS = YES;
				GCC_OPTIMIZATION_LEVEL = 0;
				GCC_PREPROCESSOR_DEFINITIONS = (
					"DEBUG=1",
					"$(inherited)",
				);
				GCC_WARN_64_TO_32_BIT_CONVERSION = YES;
				GCC_WARN_ABOUT_RETURN_TYPE = YES_ERROR;
				GCC_WARN_PEDANTIC = YES;
				GCC_WARN_UNDECLARED_SELECTOR = YES;
				GCC_WARN_UNINITIALIZED_AUTOS = YES_AGGRESSIVE;
				GCC_WARN_UNUSED_FUNCTION = YES;
				GCC_WARN_UNUSED_VARIABLE = YES;
				HEADER_SEARCH_PATHS = ../../EDSDKv131300M/Machintosh/EDSDK/Header;
				MACOSX_DEPLOYMENT_TARGET = 11.1;
				MTL_ENABLE_DEBUG_INFO = INCLUDE_SOURCE;
				MTL_FAST_MATH = YES;
				ONLY_ACTIVE_ARCH = NO;
				SDKROOT = macosx;
			};
			name = Debug;
		};
		D4ED4B9B25A88A9E00F90A7A /* Release */ = {
			isa = XCBuildConfiguration;
			buildSettings = {
				ALWAYS_SEARCH_USER_PATHS = NO;
				ARCHS = x86_64;
				CLANG_ANALYZER_NONNULL = YES;
				CLANG_ANALYZER_NUMBER_OBJECT_CONVERSION = YES_AGGRESSIVE;
				CLANG_CXX_LANGUAGE_STANDARD = "c++17";
				CLANG_CXX_LIBRARY = "libc++";
				CLANG_ENABLE_MODULES = YES;
				CLANG_ENABLE_OBJC_ARC = YES;
				CLANG_ENABLE_OBJC_WEAK = YES;
				CLANG_WARN_BLOCK_CAPTURE_AUTORELEASING = YES;
				CLANG_WARN_BOOL_CONVERSION = YES;
				CLANG_WARN_COMMA = YES;
				CLANG_WARN_CONSTANT_CONVERSION = YES;
				CLANG_WARN_DEPRECATED_OBJC_IMPLEMENTATIONS = YES;
				CLANG_WARN_DIRECT_OBJC_ISA_USAGE = YES_ERROR;
				CLANG_WARN_DOCUMENTATION_COMMENTS = YES;
				CLANG_WARN_EMPTY_BODY = YES;
				CLANG_WARN_ENUM_CONVERSION = YES;
				CLANG_WARN_INFINITE_RECURSION = YES;
				CLANG_WARN_INT_CONVERSION = YES;
				CLANG_WARN_NON_LITERAL_NULL_CONVERSION = YES;
				CLANG_WARN_OBJC_IMPLICIT_RETAIN_SELF = YES;
				CLANG_WARN_OBJC_LITERAL_CONVERSION = YES;
				CLANG_WARN_OBJC_ROOT_CLASS = YES_ERROR;
				CLANG_WARN_QUOTED_INCLUDE_IN_FRAMEWORK_HEADER = YES;
				CLANG_WARN_RANGE_LOOP_ANALYSIS = YES;
				CLANG_WARN_STRICT_PROTOTYPES = YES;
				CLANG_WARN_SUSPICIOUS_MOVE = YES;
				CLANG_WARN_UNGUARDED_AVAILABILITY = YES_AGGRESSIVE;
				CLANG_WARN_UNREACHABLE_CODE = YES;
				CLANG_WARN__DUPLICATE_METHOD_MATCH = YES;
				COPY_PHASE_STRIP = NO;
				DEBUG_INFORMATION_FORMAT = "dwarf-with-dsym";
				DEVELOPMENT_TEAM = 2Q822V5HRV;
				ENABLE_NS_ASSERTIONS = NO;
				ENABLE_STRICT_OBJC_MSGSEND = YES;
				FRAMEWORK_SEARCH_PATHS = ../../EDSDKv131300M/Machintosh/EDSDK/Framework/;
				GCC_C_LANGUAGE_STANDARD = gnu11;
				GCC_NO_COMMON_BLOCKS = YES;
				GCC_WARN_64_TO_32_BIT_CONVERSION = YES;
				GCC_WARN_ABOUT_RETURN_TYPE = YES_ERROR;
				GCC_WARN_PEDANTIC = YES;
				GCC_WARN_UNDECLARED_SELECTOR = YES;
				GCC_WARN_UNINITIALIZED_AUTOS = YES_AGGRESSIVE;
				GCC_WARN_UNUSED_FUNCTION = YES;
				GCC_WARN_UNUSED_VARIABLE = YES;
				HEADER_SEARCH_PATHS = ../../EDSDKv131300M/Machintosh/EDSDK/Header;
				MACOSX_DEPLOYMENT_TARGET = 11.1;
				MTL_ENABLE_DEBUG_INFO = NO;
				MTL_FAST_MATH = YES;
				SDKROOT = macosx;
			};
			name = Release;
		};
		D4ED4B9D25A88A9E00F90A7A /* Debug */ = {
			isa = XCBuildConfiguration;
			buildSettings = {
				CODE_SIGN_ENTITLEMENTS = "List Cameras/List Cameras.entitlements";
				CODE_SIGN_STYLE = Automatic;
				DEVELOPMENT_TEAM = 2Q822V5HRV;
				ENABLE_HARDENED_RUNTIME = YES;
				MACOSX_DEPLOYMENT_TARGET = 10.15;
				PRODUCT_NAME = "$(TARGET_NAME)";
			};
			name = Debug;
		};
		D4ED4B9E25A88A9E00F90A7A /* Release */ = {
			isa = XCBuildConfiguration;
			buildSettings = {
				CODE_SIGN_ENTITLEMENTS = "List Cameras/List Cameras.entitlements";
				CODE_SIGN_STYLE = Automatic;
				DEVELOPMENT_TEAM = 2Q822V5HRV;
				ENABLE_HARDENED_RUNTIME = YES;
				MACOSX_DEPLOYMENT_TARGET = 10.15;
				PRODUCT_NAME = "$(TARGET_NAME)";
			};
			name = Release;
		};
		D4ED4BC125A8BF3200F90A7A /* Debug */ = {
			isa = XCBuildConfiguration;
			buildSettings = {
				DEVELOPMENT_ASSET_PATHS = "";
				DYLIB_COMPATIBILITY_VERSION = 1;
				DYLIB_CURRENT_VERSION = 1;
				EXECUTABLE_PREFIX = lib;
				GCC_ENABLE_CPP_EXCEPTIONS = YES;
				GCC_ENABLE_CPP_RTTI = YES;
				GCC_SYMBOLS_PRIVATE_EXTERN = YES;
				MACOSX_DEPLOYMENT_TARGET = 10.15;
				ONLY_ACTIVE_ARCH = YES;
				PRODUCT_NAME = "$(TARGET_NAME)";
				SKIP_INSTALL = YES;
			};
			name = Debug;
		};
		D4ED4BC225A8BF3200F90A7A /* Release */ = {
			isa = XCBuildConfiguration;
			buildSettings = {
				DEVELOPMENT_ASSET_PATHS = "";
				DYLIB_COMPATIBILITY_VERSION = 1;
				DYLIB_CURRENT_VERSION = 1;
				EXECUTABLE_PREFIX = lib;
				GCC_ENABLE_CPP_EXCEPTIONS = YES;
				GCC_ENABLE_CPP_RTTI = YES;
				GCC_SYMBOLS_PRIVATE_EXTERN = YES;
				MACOSX_DEPLOYMENT_TARGET = 10.15;
				PRODUCT_NAME = "$(TARGET_NAME)";
				SKIP_INSTALL = YES;
			};
			name = Release;
		};
/* End XCBuildConfiguration section */

/* Begin XCConfigurationList section */
		D4ED4B9025A88A9E00F90A7A /* Build configuration list for PBXProject "List Cameras" */ = {
			isa = XCConfigurationList;
			buildConfigurations = (
				D4ED4B9A25A88A9E00F90A7A /* Debug */,
				D4ED4B9B25A88A9E00F90A7A /* Release */,
			);
			defaultConfigurationIsVisible = 0;
			defaultConfigurationName = Release;
		};
		D4ED4B9C25A88A9E00F90A7A /* Build configuration list for PBXNativeTarget "List Cameras" */ = {
			isa = XCConfigurationList;
			buildConfigurations = (
				D4ED4B9D25A88A9E00F90A7A /* Debug */,
				D4ED4B9E25A88A9E00F90A7A /* Release */,
			);
			defaultConfigurationIsVisible = 0;
			defaultConfigurationName = Release;
		};
		D4ED4BC025A8BF3200F90A7A /* Build configuration list for PBXNativeTarget "camera_interface" */ = {
			isa = XCConfigurationList;
			buildConfigurations = (
				D4ED4BC125A8BF3200F90A7A /* Debug */,
				D4ED4BC225A8BF3200F90A7A /* Release */,
			);
			defaultConfigurationIsVisible = 0;
			defaultConfigurationName = Release;
		};
/* End XCConfigurationList section */
	};
	rootObject = D4ED4B8D25A88A9E00F90A7A /* Project object */;
}
